
Microsoft Visual Studio Solution File, Format Version 12.00
# Visual Studio Version 17
VisualStudioVersion = 17.7.34031.279
MinimumVisualStudioVersion = 10.0.40219.1
Project("{FAE04EC0-301F-11D3-BF4B-00C04F79EFBC}") = "BattleshipLibrary", "BattleshipLibrary\BattleshipLibrary.csproj", "{AB51C313-8300-42A0-9CB9-7E8F5BD74CD4}"
EndProject
Project("{FAE04EC0-301F-11D3-BF4B-00C04F79EFBC}") = "Battleship", "Battleship\Battleship.csproj", "{7BAB2C82-EE49-4692-815F-517C2B246166}"
EndProject
Global
	GlobalSection(SolutionConfigurationPlatforms) = preSolution
		Debug|Any CPU = Debug|Any CPU
		Release|Any CPU = Release|Any CPU
	EndGlobalSection
	GlobalSection(ProjectConfigurationPlatforms) = postSolution
		{AB51C313-8300-42A0-9CB9-7E8F5BD74CD4}.Debug|Any CPU.ActiveCfg = Debug|Any CPU
		{AB51C313-8300-42A0-9CB9-7E8F5BD74CD4}.Debug|Any CPU.Build.0 = Debug|Any CPU
		{AB51C313-8300-42A0-9CB9-7E8F5BD74CD4}.Release|Any CPU.ActiveCfg = Release|Any CPU
		{AB51C313-8300-42A0-9CB9-7E8F5BD74CD4}.Release|Any CPU.Build.0 = Release|Any CPU
		{7BAB2C82-EE49-4692-815F-517C2B246166}.Debug|Any CPU.ActiveCfg = Debug|Any CPU
		{7BAB2C82-EE49-4692-815F-517C2B246166}.Debug|Any CPU.Build.0 = Debug|Any CPU
		{7BAB2C82-EE49-4692-815F-517C2B246166}.Release|Any CPU.ActiveCfg = Release|Any CPU
		{7BAB2C82-EE49-4692-815F-517C2B246166}.Release|Any CPU.Build.0 = Release|Any CPU
	EndGlobalSection
	GlobalSection(SolutionProperties) = preSolution
		HideSolutionNode = FALSE
	EndGlobalSection
	GlobalSection(ExtensibilityGlobals) = postSolution
		SolutionGuid = {2768DA8E-C453-4244-9C54-B60FB8CE8A2B}
	EndGlobalSection
EndGlobal
